
Microsoft Visual Studio Solution File, Format Version 12.00
Project("{FAE04EC0-301F-11D3-BF4B-00C04F79EFBC}") = "Godot.DependencyInjection", "Godot.DependencyInjection\Godot.DependencyInjection.csproj", "{C4B1D47F-0B49-4367-AF02-C6807A2506F1}"
EndProject
Project("{FAE04EC0-301F-11D3-BF4B-00C04F79EFBC}") = "Godot.DependencyInjection.Sample", "Godot.DependencyInjection.Sample\Godot.DependencyInjection.Sample.csproj", "{1BDE2053-EB9B-4A9C-BF2F-901A28FEBBCA}"
EndProject
Project("{FAE04EC0-301F-11D3-BF4B-00C04F79EFBC}") = "Godot.DependencyInjection.Tests", "Godot.DependencyInjection.Tests\Godot.DependencyInjection.Tests.csproj", "{25D5601D-FE15-422D-A98D-18FEE06FEDB7}"
EndProject
Project("{2150E333-8FDC-42A3-9474-1A3956D46DE8}") = "Solution Items", "Solution Items", "{A9F4C65A-D19F-41CA-AF23-C177DE1F6F88}"
	ProjectSection(SolutionItems) = preProject
		.github\workflows\release.yml = .github\workflows\release.yml
		.github\workflows\build.yml = .github\workflows\build.yml
	EndProjectSection
EndProject
Global
	GlobalSection(SolutionConfigurationPlatforms) = preSolution
		Debug|Any CPU = Debug|Any CPU
		Release|Any CPU = Release|Any CPU
	EndGlobalSection
	GlobalSection(ProjectConfigurationPlatforms) = postSolution
		{C4B1D47F-0B49-4367-AF02-C6807A2506F1}.Debug|Any CPU.ActiveCfg = Debug|Any CPU
		{C4B1D47F-0B49-4367-AF02-C6807A2506F1}.Debug|Any CPU.Build.0 = Debug|Any CPU
		{C4B1D47F-0B49-4367-AF02-C6807A2506F1}.Release|Any CPU.ActiveCfg = Release|Any CPU
		{C4B1D47F-0B49-4367-AF02-C6807A2506F1}.Release|Any CPU.Build.0 = Release|Any CPU
		{1BDE2053-EB9B-4A9C-BF2F-901A28FEBBCA}.Debug|Any CPU.ActiveCfg = Debug|Any CPU
		{1BDE2053-EB9B-4A9C-BF2F-901A28FEBBCA}.Debug|Any CPU.Build.0 = Debug|Any CPU
		{1BDE2053-EB9B-4A9C-BF2F-901A28FEBBCA}.Release|Any CPU.ActiveCfg = Release|Any CPU
		{1BDE2053-EB9B-4A9C-BF2F-901A28FEBBCA}.Release|Any CPU.Build.0 = Release|Any CPU
		{25D5601D-FE15-422D-A98D-18FEE06FEDB7}.Debug|Any CPU.ActiveCfg = Debug|Any CPU
		{25D5601D-FE15-422D-A98D-18FEE06FEDB7}.Debug|Any CPU.Build.0 = Debug|Any CPU
		{25D5601D-FE15-422D-A98D-18FEE06FEDB7}.Release|Any CPU.ActiveCfg = Release|Any CPU
		{25D5601D-FE15-422D-A98D-18FEE06FEDB7}.Release|Any CPU.Build.0 = Release|Any CPU
	EndGlobalSection
EndGlobal
